
Microsoft Visual Studio Solution File, Format Version 12.00
# Visual Studio Version 16
VisualStudioVersion = 16.0.31424.327
MinimumVisualStudioVersion = 10.0.40219.1
Project("{FAE04EC0-301F-11D3-BF4B-00C04F79EFBC}") = "BiliBiliVideoDownloader", "BiliBiliVideoDownloader.csproj", "{A20D1F98-1688-40FB-8BB1-81D47C6528C4}"
EndProject
Global
	GlobalSection(SolutionConfigurationPlatforms) = preSolution
		Debug|Any CPU = Debug|Any CPU
		Release|Any CPU = Release|Any CPU
	EndGlobalSection
	GlobalSection(ProjectConfigurationPlatforms) = postSolution
		{A20D1F98-1688-40FB-8BB1-81D47C6528C4}.Debug|Any CPU.ActiveCfg = Debug|Any CPU
		{A20D1F98-1688-40FB-8BB1-81D47C6528C4}.Debug|Any CPU.Build.0 = Debug|Any CPU
		{A20D1F98-1688-40FB-8BB1-81D47C6528C4}.Release|Any CPU.ActiveCfg = Release|Any CPU
		{A20D1F98-1688-40FB-8BB1-81D47C6528C4}.Release|Any CPU.Build.0 = Release|Any CPU
	EndGlobalSection
	GlobalSection(SolutionProperties) = preSolution
		HideSolutionNode = FALSE
	EndGlobalSection
	GlobalSection(ExtensibilityGlobals) = postSolution
		SolutionGuid = {52CF96C8-D6FE-4160-80B6-1D4E45BC1CA7}
	EndGlobalSection
EndGlobal
